
Microsoft Visual Studio Solution File, Format Version 10.00
# Visual Studio 2008
Project("{8BC9CEB8-8B4A-11D0-8D11-00A0C91BC942}") = "LeveledDriver", "LeveledDriver\LeveledDriver.vcproj", "{9EADF039-C909-4561-9FC7-B1681B427C40}"
EndProject
Global
	GlobalSection(SolutionConfigurationPlatforms) = preSolution
		Debug|Win32 = Debug|Win32
		Release|Win32 = Release|Win32
	EndGlobalSection
	GlobalSection(ProjectConfigurationPlatforms) = postSolution
		{9EADF039-C909-4561-9FC7-B1681B427C40}.Debug|Win32.ActiveCfg = Debug|Win32
		{9EADF039-C909-4561-9FC7-B1681B427C40}.Debug|Win32.Build.0 = Debug|Win32
		{9EADF039-C909-4561-9FC7-B1681B427C40}.Release|Win32.ActiveCfg = Release|Win32
		{9EADF039-C909-4561-9FC7-B1681B427C40}.Release|Win32.Build.0 = Release|Win32
	EndGlobalSection
	GlobalSection(SolutionProperties) = preSolution
		HideSolutionNode = FALSE
	EndGlobalSection
EndGlobal
